Microsoft Visual Studio Solution File, Format Version 11.00
# Visual Studio 2008

Project("{A1F58171-921C-014C-7552-95D6E8150007}") = "3DPlatformer_with_michelin_man", "Assembly-CSharp-firstpass.csproj", "{5EF6B756-69BB-ECC8-5739-34F3DF27AD36}"
EndProject
Project("{A1F58171-921C-014C-7552-95D6E8150007}") = "3DPlatformer_with_michelin_man", "Assembly-CSharp.csproj", "{65CB5E27-0A4C-A30C-E28F-6B66076741DB}"
EndProject
Project("{A1F58171-921C-014C-7552-95D6E8150007}") = "3DPlatformer_with_michelin_man", "Assembly-CSharp-Editor.csproj", "{113496C1-AAED-A306-DD65-90F8739FFDED}"
EndProject
Global
	GlobalSection(SolutionConfigurationPlatforms) = preSolution
		Debug|Any CPU = Debug|Any CPU
		Release|Any CPU = Release|Any CPU
	EndGlobalSection
	GlobalSection(ProjectConfigurationPlatforms) = postSolution
		{5EF6B756-69BB-ECC8-5739-34F3DF27AD36}.Debug|Any CPU.ActiveCfg = Debug|Any CPU
		{5EF6B756-69BB-ECC8-5739-34F3DF27AD36}.Debug|Any CPU.Build.0 = Debug|Any CPU
		{5EF6B756-69BB-ECC8-5739-34F3DF27AD36}.Release|Any CPU.ActiveCfg = Release|Any CPU
		{5EF6B756-69BB-ECC8-5739-34F3DF27AD36}.Release|Any CPU.Build.0 = Release|Any CPU
		{65CB5E27-0A4C-A30C-E28F-6B66076741DB}.Debug|Any CPU.ActiveCfg = Debug|Any CPU
		{65CB5E27-0A4C-A30C-E28F-6B66076741DB}.Debug|Any CPU.Build.0 = Debug|Any CPU
		{65CB5E27-0A4C-A30C-E28F-6B66076741DB}.Release|Any CPU.ActiveCfg = Release|Any CPU
		{65CB5E27-0A4C-A30C-E28F-6B66076741DB}.Release|Any CPU.Build.0 = Release|Any CPU
		{113496C1-AAED-A306-DD65-90F8739FFDED}.Debug|Any CPU.ActiveCfg = Debug|Any CPU
		{113496C1-AAED-A306-DD65-90F8739FFDED}.Debug|Any CPU.Build.0 = Debug|Any CPU
		{113496C1-AAED-A306-DD65-90F8739FFDED}.Release|Any CPU.ActiveCfg = Release|Any CPU
		{113496C1-AAED-A306-DD65-90F8739FFDED}.Release|Any CPU.Build.0 = Release|Any CPU
	EndGlobalSection
	GlobalSection(SolutionProperties) = preSolution
		HideSolutionNode = FALSE
	EndGlobalSection
	GlobalSection(MonoDevelopProperties) = preSolution
		StartupItem = Assembly-CSharp.csproj
	EndGlobalSection
EndGlobal
